{
  "nodes": {
    "home-manager": {
      "inputs": {
        "nixpkgs": [
          "nixpkgs"
        ]
      },
      "locked": {
        "lastModified": 1652996682,
        "narHash": "sha256-7ZWyd5W2tM/uxXGn16AJUXenlGPUt/r6zitEcorz5j0=",
        "owner": "nix-community",
        "repo": "home-manager",
        "rev": "02b15de8ad714409358cffdc6ed518ade03402c4",
        "type": "github"
      },
      "original": {
        "owner": "nix-community",
        "repo": "home-manager",
        "type": "github"
      }
    },
    "modes-nvim": {
      "flake": false,
      "locked": {
        "lastModified": 1651978714,
        "narHash": "sha256-djxxLbzXhBoYg/S/5TkmCbWtPxmNGkCLP9ImiH6gJvs=",
        "owner": "mvllow",
        "repo": "modes.nvim",
        "rev": "1086d94b1f7d6ba105593a1dd21e2cb02ab92fc0",
        "type": "github"
      },
      "original": {
        "owner": "mvllow",
        "repo": "modes.nvim",
        "type": "github"
      }
    },
    "nixpkgs": {
      "locked": {
        "lastModified": 1652885393,
        "narHash": "sha256-YIgvvlk4iQ1Hi7KD9o5gsojc+ApB+jiH1d5stK8uXiw=",
        "owner": "nixos",
        "repo": "nixpkgs",
        "rev": "48037fd90426e44e4bf03e6479e88a11453b9b66",
        "type": "github"
      },
      "original": {
        "owner": "nixos",
        "ref": "nixos-unstable",
        "repo": "nixpkgs",
        "type": "github"
      }
    },
    "nvim-lsp-installer": {
      "flake": false,
      "locked": {
        "lastModified": 1652962033,
        "narHash": "sha256-21smz/gD48hOvFayIzL/QNGq6KUw3bfazL+VgxHSESw=",
        "owner": "williamboman",
        "repo": "nvim-lsp-installer",
        "rev": "a3323f26a57cf07d354f8d5967cb37a241f41bcb",
        "type": "github"
      },
      "original": {
        "owner": "williamboman",
        "repo": "nvim-lsp-installer",
        "type": "github"
      }
    },
    "root": {
      "inputs": {
        "home-manager": "home-manager",
        "modes-nvim": "modes-nvim",
        "nixpkgs": "nixpkgs",
        "nvim-lsp-installer": "nvim-lsp-installer"
      }
    }
  },
  "root": "root",
  "version": 7
}
