{
  "nodes": {
    "cachix": {
      "locked": {
        "lastModified": 1658346836,
        "narHash": "sha256-c9BZZbi0tqCQ4j6CMVDlsut3Q3ET1Fezf+qIslCfkhs=",
        "owner": "nixos",
        "repo": "nixpkgs",
        "rev": "a1fe662eb26ffc2a036b37c4670392ade632c413",
        "type": "github"
      },
      "original": {
        "owner": "nixos",
        "ref": "nixos-21.11",
        "repo": "nixpkgs",
        "type": "github"
      }
    },
    "darwin": {
      "inputs": {
        "nixpkgs": [
          "nixpkgs"
        ]
      },
      "locked": {
        "lastModified": 1657835815,
        "narHash": "sha256-CnZszAYpNKydh6N7+xg+eRtWNVoAAGqc6bg+Lpgq1xc=",
        "owner": "LnL7",
        "repo": "nix-darwin",
        "rev": "54a24f042f93c79f5679f133faddedec61955cf2",
        "type": "github"
      },
      "original": {
        "owner": "LnL7",
        "repo": "nix-darwin",
        "type": "github"
      }
    },
    "deploy-rs": {
      "inputs": {
        "flake-compat": "flake-compat",
        "nixpkgs": [
          "nixpkgs"
        ],
        "utils": "utils"
      },
      "locked": {
        "lastModified": 1653594315,
        "narHash": "sha256-kJ0ENmnQJ4qL2FeYKZba9kvv1KmIuB3NVpBwMeI7AJQ=",
        "owner": "serokell",
        "repo": "deploy-rs",
        "rev": "184349d8149436748986d1bdba087e4149e9c160",
        "type": "github"
      },
      "original": {
        "owner": "serokell",
        "repo": "deploy-rs",
        "type": "github"
      }
    },
    "flake-compat": {
      "flake": false,
      "locked": {
        "lastModified": 1648199409,
        "narHash": "sha256-JwPKdC2PoVBkG6E+eWw3j6BMR6sL3COpYWfif7RVb8Y=",
        "owner": "edolstra",
        "repo": "flake-compat",
        "rev": "64a525ee38886ab9028e6f61790de0832aa3ef03",
        "type": "github"
      },
      "original": {
        "owner": "edolstra",
        "repo": "flake-compat",
        "type": "github"
      }
    },
    "flake-compat_2": {
      "flake": false,
      "locked": {
        "lastModified": 1650374568,
        "narHash": "sha256-Z+s0J8/r907g149rllvwhb4pKi8Wam5ij0st8PwAh+E=",
        "owner": "edolstra",
        "repo": "flake-compat",
        "rev": "b4a34015c698c7793d592d66adbab377907a2be8",
        "type": "github"
      },
      "original": {
        "owner": "edolstra",
        "repo": "flake-compat",
        "type": "github"
      }
    },
    "flake-utils": {
      "locked": {
        "lastModified": 1656928814,
        "narHash": "sha256-RIFfgBuKz6Hp89yRr7+NR5tzIAbn52h8vT6vXkYjZoM=",
        "owner": "numtide",
        "repo": "flake-utils",
        "rev": "7e2a3b3dfd9af950a856d66b0a7d01e3c18aa249",
        "type": "github"
      },
      "original": {
        "owner": "numtide",
        "repo": "flake-utils",
        "type": "github"
      }
    },
    "home-manager": {
      "inputs": {
        "nixpkgs": [
          "nixpkgs"
        ],
        "utils": "utils_2"
      },
      "locked": {
        "lastModified": 1658751516,
        "narHash": "sha256-Y/3dHoTjbvYBtWd+TTBQJUIgDPO9d+Gqt05C5dyR7E4=",
        "owner": "nix-community",
        "repo": "home-manager",
        "rev": "dbed4c794d20d51027fc1107f063ec5be027dafc",
        "type": "github"
      },
      "original": {
        "owner": "nix-community",
        "repo": "home-manager",
        "type": "github"
      }
    },
    "lib-aggregate": {
      "inputs": {
        "flake-utils": "flake-utils",
        "nixpkgs-lib": "nixpkgs-lib"
      },
      "locked": {
        "lastModified": 1658664563,
        "narHash": "sha256-VWh+PVhkPa+5xqbigF29wULVRwePliGiq04jHOHrPVI=",
        "owner": "nix-community",
        "repo": "lib-aggregate",
        "rev": "898937dc702d9c870f098e09186b0ac2d11605fb",
        "type": "github"
      },
      "original": {
        "owner": "nix-community",
        "repo": "lib-aggregate",
        "type": "github"
      }
    },
    "mpv-nightly": {
      "flake": false,
      "locked": {
        "lastModified": 1658606208,
        "narHash": "sha256-gm3XMJZYthHAfj8U/LiF/NHkaq6o2P7kKXxEEDjF6V0=",
        "owner": "mpv-player",
        "repo": "mpv",
        "rev": "d2467f61bec6909d3596cdc98343ef1f0366aff5",
        "type": "github"
      },
      "original": {
        "owner": "mpv-player",
        "repo": "mpv",
        "type": "github"
      }
    },
    "neovim-nightly": {
      "flake": false,
      "locked": {
        "lastModified": 1658755950,
        "narHash": "sha256-gsx8mTSYu76lT6hgbkM47lBQ3tmkubMJGY6QVNALvOg=",
        "owner": "neovim",
        "repo": "neovim",
        "rev": "7961f79904f6583ed3279fb1c73f2107ce9603ef",
        "type": "github"
      },
      "original": {
        "owner": "neovim",
        "repo": "neovim",
        "type": "github"
      }
    },
    "nixpkgs": {
      "locked": {
        "lastModified": 1658648081,
        "narHash": "sha256-RL5nr4Xhp0zQeEGG/I3t3FmqaI9QrBg5PH31NF+7A/A=",
        "owner": "nixos",
        "repo": "nixpkgs",
        "rev": "e494a908e8895b9cba18e21d5fc83362f64b3f6a",
        "type": "github"
      },
      "original": {
        "owner": "nixos",
        "ref": "nixos-unstable",
        "repo": "nixpkgs",
        "type": "github"
      }
    },
    "nixpkgs-22_05": {
      "locked": {
        "lastModified": 1658634393,
        "narHash": "sha256-VW7edeFzA9VU8gZPxPFGpoPsM2AQLYHKhA9H5+OYtno=",
        "owner": "NixOS",
        "repo": "nixpkgs",
        "rev": "2e14bc76ab41c60ba57fd57ff52badaa29d349f5",
        "type": "github"
      },
      "original": {
        "owner": "NixOS",
        "ref": "release-22.05",
        "repo": "nixpkgs",
        "type": "github"
      }
    },
    "nixpkgs-lib": {
      "locked": {
        "lastModified": 1658624354,
        "narHash": "sha256-1mCjgw0VmWgsxq1w0Bd6yFsGQSp68q7iZO3EjzaZ6/Y=",
        "owner": "nix-community",
        "repo": "nixpkgs.lib",
        "rev": "96a5084b9466c58b4a940d8c2eb104f8301f8045",
        "type": "github"
      },
      "original": {
        "owner": "nix-community",
        "repo": "nixpkgs.lib",
        "type": "github"
      }
    },
    "nixpkgs-wayland": {
      "inputs": {
        "cachix": "cachix",
        "flake-compat": "flake-compat_2",
        "lib-aggregate": "lib-aggregate",
        "nixpkgs": "nixpkgs_2"
      },
      "locked": {
        "lastModified": 1658764039,
        "narHash": "sha256-JAWWzBBxLZ3q5iZ9EWBcvxenfw1Xykk+49Azrz2tOtI=",
        "owner": "nix-community",
        "repo": "nixpkgs-wayland",
        "rev": "2e93b045af9160166ffe386e302d9560b5c732f5",
        "type": "github"
      },
      "original": {
        "owner": "nix-community",
        "repo": "nixpkgs-wayland",
        "type": "github"
      }
    },
    "nixpkgs_2": {
      "locked": {
        "lastModified": 1658648081,
        "narHash": "sha256-RL5nr4Xhp0zQeEGG/I3t3FmqaI9QrBg5PH31NF+7A/A=",
        "owner": "nixos",
        "repo": "nixpkgs",
        "rev": "e494a908e8895b9cba18e21d5fc83362f64b3f6a",
        "type": "github"
      },
      "original": {
        "owner": "nixos",
        "ref": "nixos-unstable",
        "repo": "nixpkgs",
        "type": "github"
      }
    },
    "root": {
      "inputs": {
        "darwin": "darwin",
        "deploy-rs": "deploy-rs",
        "home-manager": "home-manager",
        "mpv-nightly": "mpv-nightly",
        "neovim-nightly": "neovim-nightly",
        "nixpkgs": "nixpkgs",
        "nixpkgs-wayland": "nixpkgs-wayland",
        "sops-nix": "sops-nix",
        "zsh-autosuggestions": "zsh-autosuggestions",
        "zsh-fast-syntax-highlighting": "zsh-fast-syntax-highlighting",
        "zsh-tab-title": "zsh-tab-title",
        "zsh-you-should-use": "zsh-you-should-use"
      }
    },
    "sops-nix": {
      "inputs": {
        "nixpkgs": [
          "nixpkgs"
        ],
        "nixpkgs-22_05": "nixpkgs-22_05"
      },
      "locked": {
        "lastModified": 1658635258,
        "narHash": "sha256-EC8y3Rg+l9IzIUdOaFSA0LMdDipTRoweg1Y2EL8XhMc=",
        "owner": "Mic92",
        "repo": "sops-nix",
        "rev": "d7f8cf1b77ebe5f287884f17b1ee4cc4f48bad1d",
        "type": "github"
      },
      "original": {
        "owner": "Mic92",
        "repo": "sops-nix",
        "type": "github"
      }
    },
    "utils": {
      "locked": {
        "lastModified": 1648297722,
        "narHash": "sha256-W+qlPsiZd8F3XkzXOzAoR+mpFqzm3ekQkJNa+PIh1BQ=",
        "owner": "numtide",
        "repo": "flake-utils",
        "rev": "0f8662f1319ad6abf89b3380dd2722369fc51ade",
        "type": "github"
      },
      "original": {
        "owner": "numtide",
        "repo": "flake-utils",
        "type": "github"
      }
    },
    "utils_2": {
      "locked": {
        "lastModified": 1653893745,
        "narHash": "sha256-0jntwV3Z8//YwuOjzhV2sgJJPt+HY6KhU7VZUL0fKZQ=",
        "owner": "numtide",
        "repo": "flake-utils",
        "rev": "1ed9fb1935d260de5fe1c2f7ee0ebaae17ed2fa1",
        "type": "github"
      },
      "original": {
        "owner": "numtide",
        "repo": "flake-utils",
        "type": "github"
      }
    },
    "zsh-autosuggestions": {
      "flake": false,
      "locked": {
        "lastModified": 1622844304,
        "narHash": "sha256-KLUYpUu4DHRumQZ3w59m9aTW6TBKMCXl2UcKi4uMd7w=",
        "owner": "zsh-users",
        "repo": "zsh-autosuggestions",
        "rev": "a411ef3e0992d4839f0732ebeb9823024afaaaa8",
        "type": "github"
      },
      "original": {
        "owner": "zsh-users",
        "repo": "zsh-autosuggestions",
        "type": "github"
      }
    },
    "zsh-fast-syntax-highlighting": {
      "flake": false,
      "locked": {
        "lastModified": 1658529021,
        "narHash": "sha256-Vc/i0W+beKphNisGFS435r+9IL6BhQsYeGAFRlP8+tA=",
        "owner": "zdharma-continuum",
        "repo": "fast-syntax-highlighting",
        "rev": "13dd94ba828328c18de3f216ec4a746a9ad0ef55",
        "type": "github"
      },
      "original": {
        "owner": "zdharma-continuum",
        "repo": "fast-syntax-highlighting",
        "type": "github"
      }
    },
    "zsh-tab-title": {
      "flake": false,
      "locked": {
        "lastModified": 1638891784,
        "narHash": "sha256-nlumBGteG4RcQI0xLLFk6AZbz1TsBc2naTMlPdTCpEk=",
        "owner": "trystan2k",
        "repo": "zsh-tab-title",
        "rev": "6e532a48e46ae56daec18255512dd8d0597f4aa6",
        "type": "github"
      },
      "original": {
        "owner": "trystan2k",
        "repo": "zsh-tab-title",
        "type": "github"
      }
    },
    "zsh-you-should-use": {
      "flake": false,
      "locked": {
        "lastModified": 1656492197,
        "narHash": "sha256-1NL/GcW656Qn8+OrJVESF2O+GzFxl44iZqXGSnymOB4=",
        "owner": "MichaelAquilina",
        "repo": "zsh-you-should-use",
        "rev": "09d9aa2cad2b7caf48cce8f321ebbbf8f47ce1c3",
        "type": "github"
      },
      "original": {
        "owner": "MichaelAquilina",
        "repo": "zsh-you-should-use",
        "type": "github"
      }
    }
  },
  "root": "root",
  "version": 7
}
